
Microsoft Visual Studio Solution File, Format Version 12.00
# Visual Studio 2012
Project("{FAE04EC0-301F-11D3-BF4B-00C04F79EFBC}") = "threading2015", "threading2015\threading2015.csproj", "{BBF7BEC1-A32F-4705-8042-BEFBBF56902C}"
EndProject
Global
	GlobalSection(SolutionConfigurationPlatforms) = preSolution
		Debug|Any CPU = Debug|Any CPU
		Release|Any CPU = Release|Any CPU
	EndGlobalSection
	GlobalSection(ProjectConfigurationPlatforms) = postSolution
		{BBF7BEC1-A32F-4705-8042-BEFBBF56902C}.Debug|Any CPU.ActiveCfg = Debug|Any CPU
		{BBF7BEC1-A32F-4705-8042-BEFBBF56902C}.Debug|Any CPU.Build.0 = Debug|Any CPU
		{BBF7BEC1-A32F-4705-8042-BEFBBF56902C}.Release|Any CPU.ActiveCfg = Release|Any CPU
		{BBF7BEC1-A32F-4705-8042-BEFBBF56902C}.Release|Any CPU.Build.0 = Release|Any CPU
	EndGlobalSection
	GlobalSection(SolutionProperties) = preSolution
		HideSolutionNode = FALSE
	EndGlobalSection
EndGlobal
